// !$*UTF8*$!
{
	archiveVersion = 1;
	classes = {
	};
	objectVersion = 50;
	objects = {

/* Begin PBXBuildFile section */
		F659224725F82848006C662A /* H4X0R_NewsApp.swift in Sources */ = {isa = PBXBuildFile; fileRef = F659224625F82848006C662A /* H4X0R_NewsApp.swift */; };
		F659224925F82848006C662A /* MainView.swift in Sources */ = {isa = PBXBuildFile; fileRef = F659224825F82848006C662A /* MainView.swift */; };
		F659224B25F8284B006C662A /* Assets.xcassets in Resources */ = {isa = PBXBuildFile; fileRef = F659224A25F8284B006C662A /* Assets.xcassets */; };
		F659224E25F8284B006C662A /* Preview Assets.xcassets in Resources */ = {isa = PBXBuildFile; fileRef = F659224D25F8284B006C662A /* Preview Assets.xcassets */; };
		F659225825F82A96006C662A /* NetworkManager.swift in Sources */ = {isa = PBXBuildFile; fileRef = F659225725F82A96006C662A /* NetworkManager.swift */; };
		F659225C25F82BC0006C662A /* PostData.swift in Sources */ = {isa = PBXBuildFile; fileRef = F659225B25F82BC0006C662A /* PostData.swift */; };
		F659226125F8323C006C662A /* DetailView.swift in Sources */ = {isa = PBXBuildFile; fileRef = F659226025F8323C006C662A /* DetailView.swift */; };
		F659226425F837F5006C662A /* WebView.swift in Sources */ = {isa = PBXBuildFile; fileRef = F659226325F837F5006C662A /* WebView.swift */; };
/* End PBXBuildFile section */

/* Begin PBXFileReference section */
		F659224325F82848006C662A /* H4X0R News.app */ = {isa = PBXFileReference; explicitFileType = wrapper.application; includeInIndex = 0; path = "H4X0R News.app"; sourceTree = BUILT_PRODUCTS_DIR; };
		F659224625F82848006C662A /* H4X0R_NewsApp.swift */ = {isa = PBXFileReference; lastKnownFileType = sourcecode.swift; path = H4X0R_NewsApp.swift; sourceTree = "<group>"; };
		F659224825F82848006C662A /* MainView.swift */ = {isa = PBXFileReference; lastKnownFileType = sourcecode.swift; path = MainView.swift; sourceTree = "<group>"; };
		F659224A25F8284B006C662A /* Assets.xcassets */ = {isa = PBXFileReference; lastKnownFileType = folder.assetcatalog; path = Assets.xcassets; sourceTree = "<group>"; };
		F659224D25F8284B006C662A /* Preview Assets.xcassets */ = {isa = PBXFileReference; lastKnownFileType = folder.assetcatalog; path = "Preview Assets.xcassets"; sourceTree = "<group>"; };
		F659224F25F8284B006C662A /* Info.plist */ = {isa = PBXFileReference; lastKnownFileType = text.plist.xml; path = Info.plist; sourceTree = "<group>"; };
		F659225725F82A96006C662A /* NetworkManager.swift */ = {isa = PBXFileReference; lastKnownFileType = sourcecode.swift; path = NetworkManager.swift; sourceTree = "<group>"; };
		F659225B25F82BC0006C662A /* PostData.swift */ = {isa = PBXFileReference; lastKnownFileType = sourcecode.swift; path = PostData.swift; sourceTree = "<group>"; };
		F659226025F8323C006C662A /* DetailView.swift */ = {isa = PBXFileReference; lastKnownFileType = sourcecode.swift; path = DetailView.swift; sourceTree = "<group>"; };
		F659226325F837F5006C662A /* WebView.swift */ = {isa = PBXFileReference; lastKnownFileType = sourcecode.swift; path = WebView.swift; sourceTree = "<group>"; };
/* End PBXFileReference section */

/* Begin PBXFrameworksBuildPhase section */
		F659224025F82848006C662A /* Frameworks */ = {
			isa = PBXFrameworksBuildPhase;
			buildActionMask = 2147483647;
			files = (
			);
			runOnlyForDeploymentPostprocessing = 0;
		};
/* End PBXFrameworksBuildPhase section */

/* Begin PBXGroup section */
		F659223A25F82848006C662A = {
			isa = PBXGroup;
			children = (
				F659224525F82848006C662A /* H4X0R News */,
				F659224425F82848006C662A /* Products */,
			);
			sourceTree = "<group>";
		};
		F659224425F82848006C662A /* Products */ = {
			isa = PBXGroup;
			children = (
				F659224325F82848006C662A /* H4X0R News.app */,
			);
			name = Products;
			sourceTree = "<group>";
		};
		F659224525F82848006C662A /* H4X0R News */ = {
			isa = PBXGroup;
			children = (
				F659225625F82A81006C662A /* Models */,
				F659224625F82848006C662A /* H4X0R_NewsApp.swift */,
				F659225E25F83229006C662A /* Views */,
				F659224A25F8284B006C662A /* Assets.xcassets */,
				F659224F25F8284B006C662A /* Info.plist */,
				F659224C25F8284B006C662A /* Preview Content */,
			);
			path = "H4X0R News";
			sourceTree = "<group>";
		};
		F659224C25F8284B006C662A /* Preview Content */ = {
			isa = PBXGroup;
			children = (
				F659224D25F8284B006C662A /* Preview Assets.xcassets */,
			);
			path = "Preview Content";
			sourceTree = "<group>";
		};
		F659225625F82A81006C662A /* Models */ = {
			isa = PBXGroup;
			children = (
				F659225725F82A96006C662A /* NetworkManager.swift */,
				F659225B25F82BC0006C662A /* PostData.swift */,
			);
			path = Models;
			sourceTree = "<group>";
		};
		F659225E25F83229006C662A /* Views */ = {
			isa = PBXGroup;
			children = (
				F659224825F82848006C662A /* MainView.swift */,
				F659226025F8323C006C662A /* DetailView.swift */,
				F659226325F837F5006C662A /* WebView.swift */,
			);
			path = Views;
			sourceTree = "<group>";
		};
/* End PBXGroup section */

/* Begin PBXNativeTarget section */
		F659224225F82848006C662A /* H4X0R News */ = {
			isa = PBXNativeTarget;
			buildConfigurationList = F659225225F8284B006C662A /* Build configuration list for PBXNativeTarget "H4X0R News" */;
			buildPhases = (
				F659223F25F82848006C662A /* Sources */,
				F659224025F82848006C662A /* Frameworks */,
				F659224125F82848006C662A /* Resources */,
			);
			buildRules = (
			);
			dependencies = (
			);
			name = "H4X0R News";
			productName = "H4X0R News";
			productReference = F659224325F82848006C662A /* H4X0R News.app */;
			productType = "com.apple.product-type.application";
		};
/* End PBXNativeTarget section */

/* Begin PBXProject section */
		F659223B25F82848006C662A /* Project object */ = {
			isa = PBXProject;
			attributes = {
				LastSwiftUpdateCheck = 1240;
				LastUpgradeCheck = 1240;
				TargetAttributes = {
					F659224225F82848006C662A = {
						CreatedOnToolsVersion = 12.4;
					};
				};
			};
			buildConfigurationList = F659223E25F82848006C662A /* Build configuration list for PBXProject "H4X0R News" */;
			compatibilityVersion = "Xcode 9.3";
			developmentRegion = en;
			hasScannedForEncodings = 0;
			knownRegions = (
				en,
				Base,
			);
			mainGroup = F659223A25F82848006C662A;
			productRefGroup = F659224425F82848006C662A /* Products */;
			projectDirPath = "";
			projectRoot = "";
			targets = (
				F659224225F82848006C662A /* H4X0R News */,
			);
		};
/* End PBXProject section */

/* Begin PBXResourcesBuildPhase section */
		F659224125F82848006C662A /* Resources */ = {
			isa = PBXResourcesBuildPhase;
			buildActionMask = 2147483647;
			files = (
				F659224E25F8284B006C662A /* Preview Assets.xcassets in Resources */,
				F659224B25F8284B006C662A /* Assets.xcassets in Resources */,
			);
			runOnlyForDeploymentPostprocessing = 0;
		};
/* End PBXResourcesBuildPhase section */

/* Begin PBXSourcesBuildPhase section */
		F659223F25F82848006C662A /* Sources */ = {
			isa = PBXSourcesBuildPhase;
			buildActionMask = 2147483647;
			files = (
				F659225825F82A96006C662A /* NetworkManager.swift in Sources */,
				F659225C25F82BC0006C662A /* PostData.swift in Sources */,
				F659224925F82848006C662A /* MainView.swift in Sources */,
				F659226425F837F5006C662A /* WebView.swift in Sources */,
				F659226125F8323C006C662A /* DetailView.swift in Sources */,
				F659224725F82848006C662A /* H4X0R_NewsApp.swift in Sources */,
			);
			runOnlyForDeploymentPostprocessing = 0;
		};
/* End PBXSourcesBuildPhase section */

/* Begin XCBuildConfiguration section */
		F659225025F8284B006C662A /* Debug */ = {
			isa = XCBuildConfiguration;
			buildSettings = {
				ALWAYS_SEARCH_USER_PATHS = NO;
				CLANG_ANALYZER_NONNULL = YES;
				CLANG_ANALYZER_NUMBER_OBJECT_CONVERSION = YES_AGGRESSIVE;
				CLANG_CXX_LANGUAGE_STANDARD = "gnu++14";
				CLANG_CXX_LIBRARY = "libc++";
				CLANG_ENABLE_MODULES = YES;
				CLANG_ENABLE_OBJC_ARC = YES;
				CLANG_ENABLE_OBJC_WEAK = YES;
				CLANG_WARN_BLOCK_CAPTURE_AUTORELEASING = YES;
				CLANG_WARN_BOOL_CONVERSION = YES;
				CLANG_WARN_COMMA = YES;
				CLANG_WARN_CONSTANT_CONVERSION = YES;
				CLANG_WARN_DEPRECATED_OBJC_IMPLEMENTATIONS = YES;
				CLANG_WARN_DIRECT_OBJC_ISA_USAGE = YES_ERROR;
				CLANG_WARN_DOCUMENTATION_COMMENTS = YES;
				CLANG_WARN_EMPTY_BODY = YES;
				CLANG_WARN_ENUM_CONVERSION = YES;
				CLANG_WARN_INFINITE_RECURSION = YES;
				CLANG_WARN_INT_CONVERSION = YES;
				CLANG_WARN_NON_LITERAL_NULL_CONVERSION = YES;
				CLANG_WARN_OBJC_IMPLICIT_RETAIN_SELF = YES;
				CLANG_WARN_OBJC_LITERAL_CONVERSION = YES;
				CLANG_WARN_OBJC_ROOT_CLASS = YES_ERROR;
				CLANG_WARN_QUOTED_INCLUDE_IN_FRAMEWORK_HEADER = YES;
				CLANG_WARN_RANGE_LOOP_ANALYSIS = YES;
				CLANG_WARN_STRICT_PROTOTYPES = YES;
				CLANG_WARN_SUSPICIOUS_MOVE = YES;
				CLANG_WARN_UNGUARDED_AVAILABILITY = YES_AGGRESSIVE;
				CLANG_WARN_UNREACHABLE_CODE = YES;
				CLANG_WARN__DUPLICATE_METHOD_MATCH = YES;
				COPY_PHASE_STRIP = NO;
				DEBUG_INFORMATION_FORMAT = dwarf;
				ENABLE_STRICT_OBJC_MSGSEND = YES;
				ENABLE_TESTABILITY = YES;
				GCC_C_LANGUAGE_STANDARD = gnu11;
				GCC_DYNAMIC_NO_PIC = NO;
				GCC_NO_COMMON_BLOCKS = YES;
				GCC_OPTIMIZATION_LEVEL = 0;
				GCC_PREPROCESSOR_DEFINITIONS = (
					"DEBUG=1",
					"$(inherited)",
				);
				GCC_WARN_64_TO_32_BIT_CONVERSION = YES;
				GCC_WARN_ABOUT_RETURN_TYPE = YES_ERROR;
				GCC_WARN_UNDECLARED_SELECTOR = YES;
				GCC_WARN_UNINITIALIZED_AUTOS = YES_AGGRESSIVE;
				GCC_WARN_UNUSED_FUNCTION = YES;
				GCC_WARN_UNUSED_VARIABLE = YES;
				IPHONEOS_DEPLOYMENT_TARGET = 14.4;
				MTL_ENABLE_DEBUG_INFO = INCLUDE_SOURCE;
				MTL_FAST_MATH = YES;
				ONLY_ACTIVE_ARCH = YES;
				SDKROOT = iphoneos;
				SWIFT_ACTIVE_COMPILATION_CONDITIONS = DEBUG;
				SWIFT_OPTIMIZATION_LEVEL = "-Onone";
			};
			name = Debug;
		};
		F659225125F8284B006C662A /* Release */ = {
			isa = XCBuildConfiguration;
			buildSettings = {
				ALWAYS_SEARCH_USER_PATHS = NO;
				CLANG_ANALYZER_NONNULL = YES;
				CLANG_ANALYZER_NUMBER_OBJECT_CONVERSION = YES_AGGRESSIVE;
				CLANG_CXX_LANGUAGE_STANDARD = "gnu++14";
				CLANG_CXX_LIBRARY = "libc++";
				CLANG_ENABLE_MODULES = YES;
				CLANG_ENABLE_OBJC_ARC = YES;
				CLANG_ENABLE_OBJC_WEAK = YES;
				CLANG_WARN_BLOCK_CAPTURE_AUTORELEASING = YES;
				CLANG_WARN_BOOL_CONVERSION = YES;
				CLANG_WARN_COMMA = YES;
				CLANG_WARN_CONSTANT_CONVERSION = YES;
				CLANG_WARN_DEPRECATED_OBJC_IMPLEMENTATIONS = YES;
				CLANG_WARN_DIRECT_OBJC_ISA_USAGE = YES_ERROR;
				CLANG_WARN_DOCUMENTATION_COMMENTS = YES;
				CLANG_WARN_EMPTY_BODY = YES;
				CLANG_WARN_ENUM_CONVERSION = YES;
				CLANG_WARN_INFINITE_RECURSION = YES;
				CLANG_WARN_INT_CONVERSION = YES;
				CLANG_WARN_NON_LITERAL_NULL_CONVERSION = YES;
				CLANG_WARN_OBJC_IMPLICIT_RETAIN_SELF = YES;
				CLANG_WARN_OBJC_LITERAL_CONVERSION = YES;
				CLANG_WARN_OBJC_ROOT_CLASS = YES_ERROR;
				CLANG_WARN_QUOTED_INCLUDE_IN_FRAMEWORK_HEADER = YES;
				CLANG_WARN_RANGE_LOOP_ANALYSIS = YES;
				CLANG_WARN_STRICT_PROTOTYPES = YES;
				CLANG_WARN_SUSPICIOUS_MOVE = YES;
				CLANG_WARN_UNGUARDED_AVAILABILITY = YES_AGGRESSIVE;
				CLANG_WARN_UNREACHABLE_CODE = YES;
				CLANG_WARN__DUPLICATE_METHOD_MATCH = YES;
				COPY_PHASE_STRIP = NO;
				DEBUG_INFORMATION_FORMAT = "dwarf-with-dsym";
				ENABLE_NS_ASSERTIONS = NO;
				ENABLE_STRICT_OBJC_MSGSEND = YES;
				GCC_C_LANGUAGE_STANDARD = gnu11;
				GCC_NO_COMMON_BLOCKS = YES;
				GCC_WARN_64_TO_32_BIT_CONVERSION = YES;
				GCC_WARN_ABOUT_RETURN_TYPE = YES_ERROR;
				GCC_WARN_UNDECLARED_SELECTOR = YES;
				GCC_WARN_UNINITIALIZED_AUTOS = YES_AGGRESSIVE;
				GCC_WARN_UNUSED_FUNCTION = YES;
				GCC_WARN_UNUSED_VARIABLE = YES;
				IPHONEOS_DEPLOYMENT_TARGET = 14.4;
				MTL_ENABLE_DEBUG_INFO = NO;
				MTL_FAST_MATH = YES;
				SDKROOT = iphoneos;
				SWIFT_COMPILATION_MODE = wholemodule;
				SWIFT_OPTIMIZATION_LEVEL = "-O";
				VALIDATE_PRODUCT = YES;
			};
			name = Release;
		};
		F659225325F8284B006C662A /* Debug */ = {
			isa = XCBuildConfiguration;
			buildSettings = {
				ASSETCATALOG_COMPILER_APPICON_NAME = AppIcon;
				ASSETCATALOG_COMPILER_GLOBAL_ACCENT_COLOR_NAME = AccentColor;
				CODE_SIGN_STYLE = Automatic;
				DEVELOPMENT_ASSET_PATHS = "\"H4X0R News/Preview Content\"";
				DEVELOPMENT_TEAM = WQNY636DWS;
				ENABLE_PREVIEWS = YES;
				INFOPLIST_FILE = "H4X0R News/Info.plist";
				IPHONEOS_DEPLOYMENT_TARGET = 14.0;
				LD_RUNPATH_SEARCH_PATHS = (
					"$(inherited)",
					"@executable_path/Frameworks",
				);
				PRODUCT_BUNDLE_IDENTIFIER = "com.jastinmartinez.H4X0R-News";
				PRODUCT_NAME = "$(TARGET_NAME)";
				SWIFT_VERSION = 5.0;
				TARGETED_DEVICE_FAMILY = "1,2";
			};
			name = Debug;
		};
		F659225425F8284B006C662A /* Release */ = {
			isa = XCBuildConfiguration;
			buildSettings = {
				ASSETCATALOG_COMPILER_APPICON_NAME = AppIcon;
				ASSETCATALOG_COMPILER_GLOBAL_ACCENT_COLOR_NAME = AccentColor;
				CODE_SIGN_STYLE = Automatic;
				DEVELOPMENT_ASSET_PATHS = "\"H4X0R News/Preview Content\"";
				DEVELOPMENT_TEAM = WQNY636DWS;
				ENABLE_PREVIEWS = YES;
				INFOPLIST_FILE = "H4X0R News/Info.plist";
				IPHONEOS_DEPLOYMENT_TARGET = 14.0;
				LD_RUNPATH_SEARCH_PATHS = (
					"$(inherited)",
					"@executable_path/Frameworks",
				);
				PRODUCT_BUNDLE_IDENTIFIER = "com.jastinmartinez.H4X0R-News";
				PRODUCT_NAME = "$(TARGET_NAME)";
				SWIFT_VERSION = 5.0;
				TARGETED_DEVICE_FAMILY = "1,2";
			};
			name = Release;
		};
/* End XCBuildConfiguration section */

/* Begin XCConfigurationList section */
		F659223E25F82848006C662A /* Build configuration list for PBXProject "H4X0R News" */ = {
			isa = XCConfigurationList;
			buildConfigurations = (
				F659225025F8284B006C662A /* Debug */,
				F659225125F8284B006C662A /* Release */,
			);
			defaultConfigurationIsVisible = 0;
			defaultConfigurationName = Release;
		};
		F659225225F8284B006C662A /* Build configuration list for PBXNativeTarget "H4X0R News" */ = {
			isa = XCConfigurationList;
			buildConfigurations = (
				F659225325F8284B006C662A /* Debug */,
				F659225425F8284B006C662A /* Release */,
			);
			defaultConfigurationIsVisible = 0;
			defaultConfigurationName = Release;
		};
/* End XCConfigurationList section */
	};
	rootObject = F659223B25F82848006C662A /* Project object */;
}
